
Microsoft Visual Studio Solution File, Format Version 12.00
# Visual Studio 15
VisualStudioVersion = 15.0.28010.0
MinimumVisualStudioVersion = 10.0.40219.1
Project("{FAE04EC0-301F-11D3-BF4B-00C04F79EFBC}") = "dotProcMan", "dotProcMan\dotProcMan.csproj", "{B6512E51-AEB0-4C74-B907-919A2FC0014D}"
EndProject
Global
	GlobalSection(SolutionConfigurationPlatforms) = preSolution
		Debug|Any CPU = Debug|Any CPU
		Release|Any CPU = Release|Any CPU
	EndGlobalSection
	GlobalSection(ProjectConfigurationPlatforms) = postSolution
		{B6512E51-AEB0-4C74-B907-919A2FC0014D}.Debug|Any CPU.ActiveCfg = Debug|Any CPU
		{B6512E51-AEB0-4C74-B907-919A2FC0014D}.Debug|Any CPU.Build.0 = Debug|Any CPU
		{B6512E51-AEB0-4C74-B907-919A2FC0014D}.Release|Any CPU.ActiveCfg = Release|Any CPU
		{B6512E51-AEB0-4C74-B907-919A2FC0014D}.Release|Any CPU.Build.0 = Release|Any CPU
	EndGlobalSection
	GlobalSection(SolutionProperties) = preSolution
		HideSolutionNode = FALSE
	EndGlobalSection
	GlobalSection(ExtensibilityGlobals) = postSolution
		SolutionGuid = {654E7D05-6468-4450-903C-F2B1AA25406D}
	EndGlobalSection
EndGlobal
